
Microsoft Visual Studio Solution File, Format Version 12.00
# Visual Studio 15
VisualStudioVersion = 15.0.26430.4
MinimumVisualStudioVersion = 10.0.40219.1
Project("{2150E333-8FDC-42A3-9474-1A3956D46DE8}") = "Core", "Core", "{7F549FAD-1A95-4279-ACD8-9024901BB832}"
EndProject
Project("{FAE04EC0-301F-11D3-BF4B-00C04F79EFBC}") = "Core", "..\..\..\Core\Core\Core.csproj", "{551EF766-3D22-4DD9-B13B-358A4D85EDB9}"
EndProject
Project("{FAE04EC0-301F-11D3-BF4B-00C04F79EFBC}") = "Core.CastleWindsorIntegration", "..\..\..\Core\Core.CastleWindsorIntegration\Core.CastleWindsorIntegration.csproj", "{18B1D460-9B53-4CCF-8C6C-68C001DE97FC}"
EndProject
Project("{FAE04EC0-301F-11D3-BF4B-00C04F79EFBC}") = "PaymentGateway.Stripe.Api", "PaymentGateway.Stripe.Api\PaymentGateway.Stripe.Api.csproj", "{BF912191-2400-45EC-8341-BD8D36080F42}"
EndProject
Project("{FAE04EC0-301F-11D3-BF4B-00C04F79EFBC}") = "PaymentGateway.Stripe.Core", "PaymentGateway.Stripe.Core\PaymentGateway.Stripe.Core.csproj", "{AB49BDB4-78AE-4012-BBFE-75E58A634162}"
EndProject
Project("{FAE04EC0-301F-11D3-BF4B-00C04F79EFBC}") = "Membership.Core", "..\..\membership\server\Membership.Core\Membership.Core.csproj", "{B8F34A32-2595-4243-A83B-F030319BD3C9}"
EndProject
Global
	GlobalSection(SolutionConfigurationPlatforms) = preSolution
		Debug|Any CPU = Debug|Any CPU
		Release|Any CPU = Release|Any CPU
		RoundcombDebug|Any CPU = RoundcombDebug|Any CPU
		RoundCombRelease|Any CPU = RoundCombRelease|Any CPU
	EndGlobalSection
	GlobalSection(ProjectConfigurationPlatforms) = postSolution
		{551EF766-3D22-4DD9-B13B-358A4D85EDB9}.Debug|Any CPU.ActiveCfg = Debug|Any CPU
		{551EF766-3D22-4DD9-B13B-358A4D85EDB9}.Debug|Any CPU.Build.0 = Debug|Any CPU
		{551EF766-3D22-4DD9-B13B-358A4D85EDB9}.Release|Any CPU.ActiveCfg = Release|Any CPU
		{551EF766-3D22-4DD9-B13B-358A4D85EDB9}.Release|Any CPU.Build.0 = Release|Any CPU
		{551EF766-3D22-4DD9-B13B-358A4D85EDB9}.RoundcombDebug|Any CPU.ActiveCfg = RoundcombDebug|Any CPU
		{551EF766-3D22-4DD9-B13B-358A4D85EDB9}.RoundcombDebug|Any CPU.Build.0 = RoundcombDebug|Any CPU
		{551EF766-3D22-4DD9-B13B-358A4D85EDB9}.RoundCombRelease|Any CPU.ActiveCfg = RoundCombRelease|Any CPU
		{551EF766-3D22-4DD9-B13B-358A4D85EDB9}.RoundCombRelease|Any CPU.Build.0 = RoundCombRelease|Any CPU
		{18B1D460-9B53-4CCF-8C6C-68C001DE97FC}.Debug|Any CPU.ActiveCfg = Debug|Any CPU
		{18B1D460-9B53-4CCF-8C6C-68C001DE97FC}.Debug|Any CPU.Build.0 = Debug|Any CPU
		{18B1D460-9B53-4CCF-8C6C-68C001DE97FC}.Release|Any CPU.ActiveCfg = Release|Any CPU
		{18B1D460-9B53-4CCF-8C6C-68C001DE97FC}.Release|Any CPU.Build.0 = Release|Any CPU
		{18B1D460-9B53-4CCF-8C6C-68C001DE97FC}.RoundcombDebug|Any CPU.ActiveCfg = RoundcombDebug|Any CPU
		{18B1D460-9B53-4CCF-8C6C-68C001DE97FC}.RoundcombDebug|Any CPU.Build.0 = RoundcombDebug|Any CPU
		{18B1D460-9B53-4CCF-8C6C-68C001DE97FC}.RoundCombRelease|Any CPU.ActiveCfg = RoundCombRelease|Any CPU
		{18B1D460-9B53-4CCF-8C6C-68C001DE97FC}.RoundCombRelease|Any CPU.Build.0 = RoundCombRelease|Any CPU
		{BF912191-2400-45EC-8341-BD8D36080F42}.Debug|Any CPU.ActiveCfg = Debug|Any CPU
		{BF912191-2400-45EC-8341-BD8D36080F42}.Debug|Any CPU.Build.0 = Debug|Any CPU
		{BF912191-2400-45EC-8341-BD8D36080F42}.Release|Any CPU.ActiveCfg = Release|Any CPU
		{BF912191-2400-45EC-8341-BD8D36080F42}.Release|Any CPU.Build.0 = Release|Any CPU
		{BF912191-2400-45EC-8341-BD8D36080F42}.RoundcombDebug|Any CPU.ActiveCfg = RoundcombDebug|Any CPU
		{BF912191-2400-45EC-8341-BD8D36080F42}.RoundcombDebug|Any CPU.Build.0 = RoundcombDebug|Any CPU
		{BF912191-2400-45EC-8341-BD8D36080F42}.RoundCombRelease|Any CPU.ActiveCfg = RoundCombRelease|Any CPU
		{BF912191-2400-45EC-8341-BD8D36080F42}.RoundCombRelease|Any CPU.Build.0 = RoundCombRelease|Any CPU
		{AB49BDB4-78AE-4012-BBFE-75E58A634162}.Debug|Any CPU.ActiveCfg = Debug|Any CPU
		{AB49BDB4-78AE-4012-BBFE-75E58A634162}.Debug|Any CPU.Build.0 = Debug|Any CPU
		{AB49BDB4-78AE-4012-BBFE-75E58A634162}.Release|Any CPU.ActiveCfg = Release|Any CPU
		{AB49BDB4-78AE-4012-BBFE-75E58A634162}.Release|Any CPU.Build.0 = Release|Any CPU
		{AB49BDB4-78AE-4012-BBFE-75E58A634162}.RoundcombDebug|Any CPU.ActiveCfg = RoundcombDebug|Any CPU
		{AB49BDB4-78AE-4012-BBFE-75E58A634162}.RoundcombDebug|Any CPU.Build.0 = RoundcombDebug|Any CPU
		{AB49BDB4-78AE-4012-BBFE-75E58A634162}.RoundCombRelease|Any CPU.ActiveCfg = RoundCombRelease|Any CPU
		{AB49BDB4-78AE-4012-BBFE-75E58A634162}.RoundCombRelease|Any CPU.Build.0 = RoundCombRelease|Any CPU
		{B8F34A32-2595-4243-A83B-F030319BD3C9}.Debug|Any CPU.ActiveCfg = Debug|Any CPU
		{B8F34A32-2595-4243-A83B-F030319BD3C9}.Debug|Any CPU.Build.0 = Debug|Any CPU
		{B8F34A32-2595-4243-A83B-F030319BD3C9}.Release|Any CPU.ActiveCfg = Release|Any CPU
		{B8F34A32-2595-4243-A83B-F030319BD3C9}.Release|Any CPU.Build.0 = Release|Any CPU
		{B8F34A32-2595-4243-A83B-F030319BD3C9}.RoundcombDebug|Any CPU.ActiveCfg = RoundcombDebug|Any CPU
		{B8F34A32-2595-4243-A83B-F030319BD3C9}.RoundcombDebug|Any CPU.Build.0 = RoundcombDebug|Any CPU
		{B8F34A32-2595-4243-A83B-F030319BD3C9}.RoundCombRelease|Any CPU.ActiveCfg = RoundCombRelease|Any CPU
		{B8F34A32-2595-4243-A83B-F030319BD3C9}.RoundCombRelease|Any CPU.Build.0 = RoundCombRelease|Any CPU
	EndGlobalSection
	GlobalSection(SolutionProperties) = preSolution
		HideSolutionNode = FALSE
	EndGlobalSection
	GlobalSection(NestedProjects) = preSolution
		{551EF766-3D22-4DD9-B13B-358A4D85EDB9} = {7F549FAD-1A95-4279-ACD8-9024901BB832}
		{18B1D460-9B53-4CCF-8C6C-68C001DE97FC} = {7F549FAD-1A95-4279-ACD8-9024901BB832}
		{B8F34A32-2595-4243-A83B-F030319BD3C9} = {7F549FAD-1A95-4279-ACD8-9024901BB832}
	EndGlobalSection
EndGlobal
