
Microsoft Visual Studio Solution File, Format Version 12.00
# Visual Studio 14
VisualStudioVersion = 14.0.25420.1
MinimumVisualStudioVersion = 10.0.40219.1
Project("{FAE04EC0-301F-11D3-BF4B-00C04F79EFBC}") = "PaymentManagement", "PaymentManagement\PaymentManagement.csproj", "{568DD530-3556-4766-8C64-06442A5CD13D}"
EndProject
Project("{2150E333-8FDC-42A3-9474-1A3956D46DE8}") = "Core", "Core", "{45BB81C0-D1F6-475D-8C9C-DBE79B2EA5BE}"
EndProject
Project("{FAE04EC0-301F-11D3-BF4B-00C04F79EFBC}") = "PaymentManagement.Core", "PaymentManagement.Core\PaymentManagement.Core.csproj", "{03379B4A-B728-4B01-9490-9DF193109922}"
EndProject
Project("{FAE04EC0-301F-11D3-BF4B-00C04F79EFBC}") = "PaymentManagement.Data", "PaymentManagement.Data\PaymentManagement.Data.csproj", "{E4A64E34-34E8-4AE7-BD6B-ACE957569848}"
EndProject
Project("{FAE04EC0-301F-11D3-BF4B-00C04F79EFBC}") = "Core", "..\..\..\core\Core\Core.csproj", "{551EF766-3D22-4DD9-B13B-358A4D85EDB9}"
EndProject
Project("{FAE04EC0-301F-11D3-BF4B-00C04F79EFBC}") = "Core.CastleWindsorIntegration", "..\..\..\core\Core.CastleWindsorIntegration\Core.CastleWindsorIntegration.csproj", "{18B1D460-9B53-4CCF-8C6C-68C001DE97FC}"
EndProject
Global
	GlobalSection(SolutionConfigurationPlatforms) = preSolution
		Debug|Any CPU = Debug|Any CPU
		Release|Any CPU = Release|Any CPU
	EndGlobalSection
	GlobalSection(ProjectConfigurationPlatforms) = postSolution
		{568DD530-3556-4766-8C64-06442A5CD13D}.Debug|Any CPU.ActiveCfg = Debug|Any CPU
		{568DD530-3556-4766-8C64-06442A5CD13D}.Debug|Any CPU.Build.0 = Debug|Any CPU
		{568DD530-3556-4766-8C64-06442A5CD13D}.Release|Any CPU.ActiveCfg = Release|Any CPU
		{568DD530-3556-4766-8C64-06442A5CD13D}.Release|Any CPU.Build.0 = Release|Any CPU
		{03379B4A-B728-4B01-9490-9DF193109922}.Debug|Any CPU.ActiveCfg = Debug|Any CPU
		{03379B4A-B728-4B01-9490-9DF193109922}.Debug|Any CPU.Build.0 = Debug|Any CPU
		{03379B4A-B728-4B01-9490-9DF193109922}.Release|Any CPU.ActiveCfg = Release|Any CPU
		{03379B4A-B728-4B01-9490-9DF193109922}.Release|Any CPU.Build.0 = Release|Any CPU
		{E4A64E34-34E8-4AE7-BD6B-ACE957569848}.Debug|Any CPU.ActiveCfg = Debug|Any CPU
		{E4A64E34-34E8-4AE7-BD6B-ACE957569848}.Debug|Any CPU.Build.0 = Debug|Any CPU
		{E4A64E34-34E8-4AE7-BD6B-ACE957569848}.Release|Any CPU.ActiveCfg = Release|Any CPU
		{E4A64E34-34E8-4AE7-BD6B-ACE957569848}.Release|Any CPU.Build.0 = Release|Any CPU
		{551EF766-3D22-4DD9-B13B-358A4D85EDB9}.Debug|Any CPU.ActiveCfg = Debug|Any CPU
		{551EF766-3D22-4DD9-B13B-358A4D85EDB9}.Debug|Any CPU.Build.0 = Debug|Any CPU
		{551EF766-3D22-4DD9-B13B-358A4D85EDB9}.Release|Any CPU.ActiveCfg = Release|Any CPU
		{551EF766-3D22-4DD9-B13B-358A4D85EDB9}.Release|Any CPU.Build.0 = Release|Any CPU
		{18B1D460-9B53-4CCF-8C6C-68C001DE97FC}.Debug|Any CPU.ActiveCfg = Debug|Any CPU
		{18B1D460-9B53-4CCF-8C6C-68C001DE97FC}.Debug|Any CPU.Build.0 = Debug|Any CPU
		{18B1D460-9B53-4CCF-8C6C-68C001DE97FC}.Release|Any CPU.ActiveCfg = Release|Any CPU
		{18B1D460-9B53-4CCF-8C6C-68C001DE97FC}.Release|Any CPU.Build.0 = Release|Any CPU
	EndGlobalSection
	GlobalSection(SolutionProperties) = preSolution
		HideSolutionNode = FALSE
	EndGlobalSection
	GlobalSection(NestedProjects) = preSolution
		{551EF766-3D22-4DD9-B13B-358A4D85EDB9} = {45BB81C0-D1F6-475D-8C9C-DBE79B2EA5BE}
		{18B1D460-9B53-4CCF-8C6C-68C001DE97FC} = {45BB81C0-D1F6-475D-8C9C-DBE79B2EA5BE}
	EndGlobalSection
EndGlobal
