
Microsoft Visual Studio Solution File, Format Version 12.00
# Visual Studio 15
VisualStudioVersion = 15.0.28307.1340
MinimumVisualStudioVersion = 10.0.40219.1
Project("{FAE04EC0-301F-11D3-BF4B-00C04F79EFBC}") = "notifyService", "notifyService.csproj", "{07819680-389D-4386-94F9-E0577A5B8297}"
EndProject
Project("{FAE04EC0-301F-11D3-BF4B-00C04F79EFBC}") = "test", "..\test\test.csproj", "{5234E46A-F40B-4ED5-859C-BA8F4F6CDB2B}"
EndProject
Global
	GlobalSection(SolutionConfigurationPlatforms) = preSolution
		Debug|Any CPU = Debug|Any CPU
		Release|Any CPU = Release|Any CPU
	EndGlobalSection
	GlobalSection(ProjectConfigurationPlatforms) = postSolution
		{07819680-389D-4386-94F9-E0577A5B8297}.Debug|Any CPU.ActiveCfg = Debug|Any CPU
		{07819680-389D-4386-94F9-E0577A5B8297}.Debug|Any CPU.Build.0 = Debug|Any CPU
		{07819680-389D-4386-94F9-E0577A5B8297}.Release|Any CPU.ActiveCfg = Release|Any CPU
		{07819680-389D-4386-94F9-E0577A5B8297}.Release|Any CPU.Build.0 = Release|Any CPU
		{5234E46A-F40B-4ED5-859C-BA8F4F6CDB2B}.Debug|Any CPU.ActiveCfg = Debug|Any CPU
		{5234E46A-F40B-4ED5-859C-BA8F4F6CDB2B}.Debug|Any CPU.Build.0 = Debug|Any CPU
		{5234E46A-F40B-4ED5-859C-BA8F4F6CDB2B}.Release|Any CPU.ActiveCfg = Release|Any CPU
		{5234E46A-F40B-4ED5-859C-BA8F4F6CDB2B}.Release|Any CPU.Build.0 = Release|Any CPU
	EndGlobalSection
	GlobalSection(SolutionProperties) = preSolution
		HideSolutionNode = FALSE
	EndGlobalSection
	GlobalSection(ExtensibilityGlobals) = postSolution
		SolutionGuid = {2167620C-83E8-4612-BC07-238F8315BEEB}
	EndGlobalSection
EndGlobal
