
Microsoft Visual Studio Solution File, Format Version 12.00
# Visual Studio Version 16
VisualStudioVersion = 16.0.29009.5
MinimumVisualStudioVersion = 10.0.40219.1
Project("{2150E333-8FDC-42A3-9474-1A3956D46DE8}") = "1-Core", "1-Core", "{919F3173-A5F9-47B0-A2CB-CB2270193865}"
EndProject
Project("{FAE04EC0-301F-11D3-BF4B-00C04F79EFBC}") = "Core", "..\..\..\core\Core\Core.csproj", "{551EF766-3D22-4DD9-B13B-358A4D85EDB9}"
EndProject
Project("{FAE04EC0-301F-11D3-BF4B-00C04F79EFBC}") = "Core.CastleWindsorIntegration", "..\..\..\core\Core.CastleWindsorIntegration\Core.CastleWindsorIntegration.csproj", "{18B1D460-9B53-4CCF-8C6C-68C001DE97FC}"
EndProject
Project("{FAE04EC0-301F-11D3-BF4B-00C04F79EFBC}") = "NotifyService.RestClient", "..\..\notifyService\server\NotifyService.RestClient\NotifyService.RestClient.csproj", "{0D208930-6C44-4462-9529-25DF04DE93C2}"
EndProject
Project("{FAE04EC0-301F-11D3-BF4B-00C04F79EFBC}") = "Core.DynamicProperties", "..\..\..\core\Core.DynamicProperties\Core.DynamicProperties.csproj", "{BFE1AA1E-619E-482E-BA2F-8615CDA0B984}"
EndProject
Project("{FAE04EC0-301F-11D3-BF4B-00C04F79EFBC}") = "EntityReviews", "..\..\..\core\EntityRatings\EntityReviews.csproj", "{08FCEF9F-1C38-4DC9-89DB-E827E13FF45D}"
EndProject
Project("{2150E333-8FDC-42A3-9474-1A3956D46DE8}") = "2-ProductManagementMainModule", "2-ProductManagementMainModule", "{075C9BE7-FFA2-4C3C-ABD3-2349BA5915D2}"
EndProject
Project("{FAE04EC0-301F-11D3-BF4B-00C04F79EFBC}") = "Membership.Core", "..\..\membership\server\Membership.Core\Membership.Core.csproj", "{B8F34A32-2595-4243-A83B-F030319BD3C9}"
EndProject
Project("{2150E333-8FDC-42A3-9474-1A3956D46DE8}") = "3-LocationService", "3-LocationService", "{F1F3BECB-C1E4-46F0-BCA2-1ACC5477AC97}"
EndProject
Project("{FAE04EC0-301F-11D3-BF4B-00C04F79EFBC}") = "LocationService.RestClient", "..\..\locationService\server\LocationService.RestClient\LocationService.RestClient.csproj", "{AE624E94-C8B4-4154-93A3-ABF1FE0F828E}"
EndProject
Project("{FAE04EC0-301F-11D3-BF4B-00C04F79EFBC}") = "Core.UploadService", "..\..\..\core\Core.UploadService\Core.UploadService.csproj", "{63525160-10CB-421F-AE8D-35D9F7086FAE}"
EndProject
Project("{FAE04EC0-301F-11D3-BF4B-00C04F79EFBC}") = "ProductManagement.Api", "ProductManagement.Api\ProductManagement.Api.csproj", "{B06837EB-700D-49DB-A567-D80427C6245A}"
EndProject
Project("{FAE04EC0-301F-11D3-BF4B-00C04F79EFBC}") = "ProductManagement.Core", "ProductManagement.Core\ProductManagement.Core.csproj", "{F89151F2-880C-4453-B69B-70B4233A8BB4}"
EndProject
Project("{FAE04EC0-301F-11D3-BF4B-00C04F79EFBC}") = "ProductManagement.Data", "ProductManagement.Data\ProductManagement.Data.csproj", "{9F17DB32-E3AC-4390-9DDA-42148E25009C}"
EndProject
Project("{FAE04EC0-301F-11D3-BF4B-00C04F79EFBC}") = "ProductManagement.Services", "ProductManagement.Services\ProductManagement.Services.csproj", "{FDCE3FE8-9381-418F-A203-DBCDC04298D4}"
EndProject
Global
	GlobalSection(SolutionConfigurationPlatforms) = preSolution
		Debug|Any CPU = Debug|Any CPU
		Release|Any CPU = Release|Any CPU
		RoundCombDebug|Any CPU = RoundCombDebug|Any CPU
		RoundCombRelease|Any CPU = RoundCombRelease|Any CPU
	EndGlobalSection
	GlobalSection(ProjectConfigurationPlatforms) = postSolution
		{551EF766-3D22-4DD9-B13B-358A4D85EDB9}.Debug|Any CPU.ActiveCfg = Debug|Any CPU
		{551EF766-3D22-4DD9-B13B-358A4D85EDB9}.Debug|Any CPU.Build.0 = Debug|Any CPU
		{551EF766-3D22-4DD9-B13B-358A4D85EDB9}.Release|Any CPU.ActiveCfg = Release|Any CPU
		{551EF766-3D22-4DD9-B13B-358A4D85EDB9}.Release|Any CPU.Build.0 = Release|Any CPU
		{551EF766-3D22-4DD9-B13B-358A4D85EDB9}.RoundCombDebug|Any CPU.ActiveCfg = RoundcombDebug|Any CPU
		{551EF766-3D22-4DD9-B13B-358A4D85EDB9}.RoundCombDebug|Any CPU.Build.0 = RoundcombDebug|Any CPU
		{551EF766-3D22-4DD9-B13B-358A4D85EDB9}.RoundCombRelease|Any CPU.ActiveCfg = RoundCombRelease|Any CPU
		{551EF766-3D22-4DD9-B13B-358A4D85EDB9}.RoundCombRelease|Any CPU.Build.0 = RoundCombRelease|Any CPU
		{18B1D460-9B53-4CCF-8C6C-68C001DE97FC}.Debug|Any CPU.ActiveCfg = Debug|Any CPU
		{18B1D460-9B53-4CCF-8C6C-68C001DE97FC}.Debug|Any CPU.Build.0 = Debug|Any CPU
		{18B1D460-9B53-4CCF-8C6C-68C001DE97FC}.Release|Any CPU.ActiveCfg = Release|Any CPU
		{18B1D460-9B53-4CCF-8C6C-68C001DE97FC}.Release|Any CPU.Build.0 = Release|Any CPU
		{18B1D460-9B53-4CCF-8C6C-68C001DE97FC}.RoundCombDebug|Any CPU.ActiveCfg = RoundcombDebug|Any CPU
		{18B1D460-9B53-4CCF-8C6C-68C001DE97FC}.RoundCombDebug|Any CPU.Build.0 = RoundcombDebug|Any CPU
		{18B1D460-9B53-4CCF-8C6C-68C001DE97FC}.RoundCombRelease|Any CPU.ActiveCfg = RoundCombRelease|Any CPU
		{18B1D460-9B53-4CCF-8C6C-68C001DE97FC}.RoundCombRelease|Any CPU.Build.0 = RoundCombRelease|Any CPU
		{0D208930-6C44-4462-9529-25DF04DE93C2}.Debug|Any CPU.ActiveCfg = Debug|Any CPU
		{0D208930-6C44-4462-9529-25DF04DE93C2}.Debug|Any CPU.Build.0 = Debug|Any CPU
		{0D208930-6C44-4462-9529-25DF04DE93C2}.Release|Any CPU.ActiveCfg = Release|Any CPU
		{0D208930-6C44-4462-9529-25DF04DE93C2}.Release|Any CPU.Build.0 = Release|Any CPU
		{0D208930-6C44-4462-9529-25DF04DE93C2}.RoundCombDebug|Any CPU.ActiveCfg = RoundcombDebug|Any CPU
		{0D208930-6C44-4462-9529-25DF04DE93C2}.RoundCombDebug|Any CPU.Build.0 = RoundcombDebug|Any CPU
		{0D208930-6C44-4462-9529-25DF04DE93C2}.RoundCombRelease|Any CPU.ActiveCfg = RoundCombRelease|Any CPU
		{0D208930-6C44-4462-9529-25DF04DE93C2}.RoundCombRelease|Any CPU.Build.0 = RoundCombRelease|Any CPU
		{BFE1AA1E-619E-482E-BA2F-8615CDA0B984}.Debug|Any CPU.ActiveCfg = Debug|Any CPU
		{BFE1AA1E-619E-482E-BA2F-8615CDA0B984}.Debug|Any CPU.Build.0 = Debug|Any CPU
		{BFE1AA1E-619E-482E-BA2F-8615CDA0B984}.Release|Any CPU.ActiveCfg = Release|Any CPU
		{BFE1AA1E-619E-482E-BA2F-8615CDA0B984}.Release|Any CPU.Build.0 = Release|Any CPU
		{BFE1AA1E-619E-482E-BA2F-8615CDA0B984}.RoundCombDebug|Any CPU.ActiveCfg = RoundcombDebug|Any CPU
		{BFE1AA1E-619E-482E-BA2F-8615CDA0B984}.RoundCombDebug|Any CPU.Build.0 = RoundcombDebug|Any CPU
		{BFE1AA1E-619E-482E-BA2F-8615CDA0B984}.RoundCombRelease|Any CPU.ActiveCfg = RoundCombRelease|Any CPU
		{BFE1AA1E-619E-482E-BA2F-8615CDA0B984}.RoundCombRelease|Any CPU.Build.0 = RoundCombRelease|Any CPU
		{08FCEF9F-1C38-4DC9-89DB-E827E13FF45D}.Debug|Any CPU.ActiveCfg = Debug|Any CPU
		{08FCEF9F-1C38-4DC9-89DB-E827E13FF45D}.Debug|Any CPU.Build.0 = Debug|Any CPU
		{08FCEF9F-1C38-4DC9-89DB-E827E13FF45D}.Release|Any CPU.ActiveCfg = Release|Any CPU
		{08FCEF9F-1C38-4DC9-89DB-E827E13FF45D}.Release|Any CPU.Build.0 = Release|Any CPU
		{08FCEF9F-1C38-4DC9-89DB-E827E13FF45D}.RoundCombDebug|Any CPU.ActiveCfg = RoundcombDebug|Any CPU
		{08FCEF9F-1C38-4DC9-89DB-E827E13FF45D}.RoundCombDebug|Any CPU.Build.0 = RoundcombDebug|Any CPU
		{08FCEF9F-1C38-4DC9-89DB-E827E13FF45D}.RoundCombRelease|Any CPU.ActiveCfg = RoundCombRelease|Any CPU
		{08FCEF9F-1C38-4DC9-89DB-E827E13FF45D}.RoundCombRelease|Any CPU.Build.0 = RoundCombRelease|Any CPU
		{B8F34A32-2595-4243-A83B-F030319BD3C9}.Debug|Any CPU.ActiveCfg = Debug|Any CPU
		{B8F34A32-2595-4243-A83B-F030319BD3C9}.Debug|Any CPU.Build.0 = Debug|Any CPU
		{B8F34A32-2595-4243-A83B-F030319BD3C9}.Release|Any CPU.ActiveCfg = Release|Any CPU
		{B8F34A32-2595-4243-A83B-F030319BD3C9}.Release|Any CPU.Build.0 = Release|Any CPU
		{B8F34A32-2595-4243-A83B-F030319BD3C9}.RoundCombDebug|Any CPU.ActiveCfg = RoundcombDebug|Any CPU
		{B8F34A32-2595-4243-A83B-F030319BD3C9}.RoundCombDebug|Any CPU.Build.0 = RoundcombDebug|Any CPU
		{B8F34A32-2595-4243-A83B-F030319BD3C9}.RoundCombRelease|Any CPU.ActiveCfg = RoundCombRelease|Any CPU
		{B8F34A32-2595-4243-A83B-F030319BD3C9}.RoundCombRelease|Any CPU.Build.0 = RoundCombRelease|Any CPU
		{AE624E94-C8B4-4154-93A3-ABF1FE0F828E}.Debug|Any CPU.ActiveCfg = Debug|Any CPU
		{AE624E94-C8B4-4154-93A3-ABF1FE0F828E}.Debug|Any CPU.Build.0 = Debug|Any CPU
		{AE624E94-C8B4-4154-93A3-ABF1FE0F828E}.Release|Any CPU.ActiveCfg = Release|Any CPU
		{AE624E94-C8B4-4154-93A3-ABF1FE0F828E}.Release|Any CPU.Build.0 = Release|Any CPU
		{AE624E94-C8B4-4154-93A3-ABF1FE0F828E}.RoundCombDebug|Any CPU.ActiveCfg = RoundcombDebug|Any CPU
		{AE624E94-C8B4-4154-93A3-ABF1FE0F828E}.RoundCombDebug|Any CPU.Build.0 = RoundcombDebug|Any CPU
		{AE624E94-C8B4-4154-93A3-ABF1FE0F828E}.RoundCombRelease|Any CPU.ActiveCfg = RoundCombRelease|Any CPU
		{AE624E94-C8B4-4154-93A3-ABF1FE0F828E}.RoundCombRelease|Any CPU.Build.0 = RoundCombRelease|Any CPU
		{63525160-10CB-421F-AE8D-35D9F7086FAE}.Debug|Any CPU.ActiveCfg = Debug|Any CPU
		{63525160-10CB-421F-AE8D-35D9F7086FAE}.Debug|Any CPU.Build.0 = Debug|Any CPU
		{63525160-10CB-421F-AE8D-35D9F7086FAE}.Release|Any CPU.ActiveCfg = Release|Any CPU
		{63525160-10CB-421F-AE8D-35D9F7086FAE}.Release|Any CPU.Build.0 = Release|Any CPU
		{63525160-10CB-421F-AE8D-35D9F7086FAE}.RoundCombDebug|Any CPU.ActiveCfg = RoundcombDebug|Any CPU
		{63525160-10CB-421F-AE8D-35D9F7086FAE}.RoundCombDebug|Any CPU.Build.0 = RoundcombDebug|Any CPU
		{63525160-10CB-421F-AE8D-35D9F7086FAE}.RoundCombRelease|Any CPU.ActiveCfg = RoundCombRelease|Any CPU
		{63525160-10CB-421F-AE8D-35D9F7086FAE}.RoundCombRelease|Any CPU.Build.0 = RoundCombRelease|Any CPU
		{B06837EB-700D-49DB-A567-D80427C6245A}.Debug|Any CPU.ActiveCfg = Debug|Any CPU
		{B06837EB-700D-49DB-A567-D80427C6245A}.Debug|Any CPU.Build.0 = Debug|Any CPU
		{B06837EB-700D-49DB-A567-D80427C6245A}.Release|Any CPU.ActiveCfg = Release|Any CPU
		{B06837EB-700D-49DB-A567-D80427C6245A}.Release|Any CPU.Build.0 = Release|Any CPU
		{B06837EB-700D-49DB-A567-D80427C6245A}.RoundCombDebug|Any CPU.ActiveCfg = RoundCombDebug|Any CPU
		{B06837EB-700D-49DB-A567-D80427C6245A}.RoundCombDebug|Any CPU.Build.0 = RoundCombDebug|Any CPU
		{B06837EB-700D-49DB-A567-D80427C6245A}.RoundCombRelease|Any CPU.ActiveCfg = RoundCombRelease|Any CPU
		{B06837EB-700D-49DB-A567-D80427C6245A}.RoundCombRelease|Any CPU.Build.0 = RoundCombRelease|Any CPU
		{F89151F2-880C-4453-B69B-70B4233A8BB4}.Debug|Any CPU.ActiveCfg = Debug|Any CPU
		{F89151F2-880C-4453-B69B-70B4233A8BB4}.Debug|Any CPU.Build.0 = Debug|Any CPU
		{F89151F2-880C-4453-B69B-70B4233A8BB4}.Release|Any CPU.ActiveCfg = Release|Any CPU
		{F89151F2-880C-4453-B69B-70B4233A8BB4}.Release|Any CPU.Build.0 = Release|Any CPU
		{F89151F2-880C-4453-B69B-70B4233A8BB4}.RoundCombDebug|Any CPU.ActiveCfg = RoundCombDebug|Any CPU
		{F89151F2-880C-4453-B69B-70B4233A8BB4}.RoundCombDebug|Any CPU.Build.0 = RoundCombDebug|Any CPU
		{F89151F2-880C-4453-B69B-70B4233A8BB4}.RoundCombRelease|Any CPU.ActiveCfg = RoundCombRelease|Any CPU
		{F89151F2-880C-4453-B69B-70B4233A8BB4}.RoundCombRelease|Any CPU.Build.0 = RoundCombRelease|Any CPU
		{9F17DB32-E3AC-4390-9DDA-42148E25009C}.Debug|Any CPU.ActiveCfg = Debug|Any CPU
		{9F17DB32-E3AC-4390-9DDA-42148E25009C}.Debug|Any CPU.Build.0 = Debug|Any CPU
		{9F17DB32-E3AC-4390-9DDA-42148E25009C}.Release|Any CPU.ActiveCfg = Release|Any CPU
		{9F17DB32-E3AC-4390-9DDA-42148E25009C}.Release|Any CPU.Build.0 = Release|Any CPU
		{9F17DB32-E3AC-4390-9DDA-42148E25009C}.RoundCombDebug|Any CPU.ActiveCfg = RoundCombDebug|Any CPU
		{9F17DB32-E3AC-4390-9DDA-42148E25009C}.RoundCombDebug|Any CPU.Build.0 = RoundCombDebug|Any CPU
		{9F17DB32-E3AC-4390-9DDA-42148E25009C}.RoundCombRelease|Any CPU.ActiveCfg = RoundCombRelease|Any CPU
		{9F17DB32-E3AC-4390-9DDA-42148E25009C}.RoundCombRelease|Any CPU.Build.0 = RoundCombRelease|Any CPU
		{FDCE3FE8-9381-418F-A203-DBCDC04298D4}.Debug|Any CPU.ActiveCfg = Debug|Any CPU
		{FDCE3FE8-9381-418F-A203-DBCDC04298D4}.Debug|Any CPU.Build.0 = Debug|Any CPU
		{FDCE3FE8-9381-418F-A203-DBCDC04298D4}.Release|Any CPU.ActiveCfg = Release|Any CPU
		{FDCE3FE8-9381-418F-A203-DBCDC04298D4}.Release|Any CPU.Build.0 = Release|Any CPU
		{FDCE3FE8-9381-418F-A203-DBCDC04298D4}.RoundCombDebug|Any CPU.ActiveCfg = RoundCombDebug|Any CPU
		{FDCE3FE8-9381-418F-A203-DBCDC04298D4}.RoundCombDebug|Any CPU.Build.0 = RoundCombDebug|Any CPU
		{FDCE3FE8-9381-418F-A203-DBCDC04298D4}.RoundCombRelease|Any CPU.ActiveCfg = RoundCombRelease|Any CPU
		{FDCE3FE8-9381-418F-A203-DBCDC04298D4}.RoundCombRelease|Any CPU.Build.0 = RoundCombRelease|Any CPU
	EndGlobalSection
	GlobalSection(SolutionProperties) = preSolution
		HideSolutionNode = FALSE
	EndGlobalSection
	GlobalSection(NestedProjects) = preSolution
		{551EF766-3D22-4DD9-B13B-358A4D85EDB9} = {919F3173-A5F9-47B0-A2CB-CB2270193865}
		{18B1D460-9B53-4CCF-8C6C-68C001DE97FC} = {919F3173-A5F9-47B0-A2CB-CB2270193865}
		{0D208930-6C44-4462-9529-25DF04DE93C2} = {919F3173-A5F9-47B0-A2CB-CB2270193865}
		{BFE1AA1E-619E-482E-BA2F-8615CDA0B984} = {919F3173-A5F9-47B0-A2CB-CB2270193865}
		{08FCEF9F-1C38-4DC9-89DB-E827E13FF45D} = {919F3173-A5F9-47B0-A2CB-CB2270193865}
		{B8F34A32-2595-4243-A83B-F030319BD3C9} = {919F3173-A5F9-47B0-A2CB-CB2270193865}
		{AE624E94-C8B4-4154-93A3-ABF1FE0F828E} = {F1F3BECB-C1E4-46F0-BCA2-1ACC5477AC97}
		{63525160-10CB-421F-AE8D-35D9F7086FAE} = {919F3173-A5F9-47B0-A2CB-CB2270193865}
		{B06837EB-700D-49DB-A567-D80427C6245A} = {075C9BE7-FFA2-4C3C-ABD3-2349BA5915D2}
		{F89151F2-880C-4453-B69B-70B4233A8BB4} = {075C9BE7-FFA2-4C3C-ABD3-2349BA5915D2}
		{9F17DB32-E3AC-4390-9DDA-42148E25009C} = {075C9BE7-FFA2-4C3C-ABD3-2349BA5915D2}
		{FDCE3FE8-9381-418F-A203-DBCDC04298D4} = {075C9BE7-FFA2-4C3C-ABD3-2349BA5915D2}
	EndGlobalSection
	GlobalSection(ExtensibilityGlobals) = postSolution
		SolutionGuid = {D7F6BFE3-6277-4C5B-A814-3CEF9166AC40}
	EndGlobalSection
EndGlobal
